
Microsoft Visual Studio Solution File, Format Version 12.00
# Visual Studio 15
VisualStudioVersion = 15.0.28307.421
MinimumVisualStudioVersion = 10.0.40219.1
Project("{FAE04EC0-301F-11D3-BF4B-00C04F79EFBC}") = "PatientInfo", "PatientInfo\PatientInfo.csproj", "{9DD1E71C-E3B9-4235-ADAB-9A0632C8B4B3}"
EndProject
Global
	GlobalSection(SolutionConfigurationPlatforms) = preSolution
		Debug|Any CPU = Debug|Any CPU
		Release|Any CPU = Release|Any CPU
	EndGlobalSection
	GlobalSection(ProjectConfigurationPlatforms) = postSolution
		{9DD1E71C-E3B9-4235-ADAB-9A0632C8B4B3}.Debug|Any CPU.ActiveCfg = Debug|Any CPU
		{9DD1E71C-E3B9-4235-ADAB-9A0632C8B4B3}.Debug|Any CPU.Build.0 = Debug|Any CPU
		{9DD1E71C-E3B9-4235-ADAB-9A0632C8B4B3}.Release|Any CPU.ActiveCfg = Release|Any CPU
		{9DD1E71C-E3B9-4235-ADAB-9A0632C8B4B3}.Release|Any CPU.Build.0 = Release|Any CPU
	EndGlobalSection
	GlobalSection(SolutionProperties) = preSolution
		HideSolutionNode = FALSE
	EndGlobalSection
	GlobalSection(ExtensibilityGlobals) = postSolution
		SolutionGuid = {02309921-86E5-4BB0-984B-95CE6B54338A}
	EndGlobalSection
EndGlobal
